
Microsoft Visual Studio Solution File, Format Version 12.00
# Visual Studio Version 17
VisualStudioVersion = 17.7.34031.279
MinimumVisualStudioVersion = 10.0.40219.1
Project("{FAE04EC0-301F-11D3-BF4B-00C04F79EFBC}") = "ya zaebalsy", "ya zaebalsy\ya zaebalsy.csproj", "{F43758A6-6C26-4585-BF70-D5A8423AAFA3}"
EndProject
Global
	GlobalSection(SolutionConfigurationPlatforms) = preSolution
		Debug|Any CPU = Debug|Any CPU
		Release|Any CPU = Release|Any CPU
	EndGlobalSection
	GlobalSection(ProjectConfigurationPlatforms) = postSolution
		{F43758A6-6C26-4585-BF70-D5A8423AAFA3}.Debug|Any CPU.ActiveCfg = Debug|Any CPU
		{F43758A6-6C26-4585-BF70-D5A8423AAFA3}.Debug|Any CPU.Build.0 = Debug|Any CPU
		{F43758A6-6C26-4585-BF70-D5A8423AAFA3}.Release|Any CPU.ActiveCfg = Release|Any CPU
		{F43758A6-6C26-4585-BF70-D5A8423AAFA3}.Release|Any CPU.Build.0 = Release|Any CPU
	EndGlobalSection
	GlobalSection(SolutionProperties) = preSolution
		HideSolutionNode = FALSE
	EndGlobalSection
	GlobalSection(ExtensibilityGlobals) = postSolution
		SolutionGuid = {5A630F12-FF7A-4143-9D7D-C16951E00577}
	EndGlobalSection
EndGlobal
